
Microsoft Visual Studio Solution File, Format Version 12.00
# Visual Studio 14
VisualStudioVersion = 14.0.25420.1
MinimumVisualStudioVersion = 10.0.40219.1
Project("{FAE04EC0-301F-11D3-BF4B-00C04F79EFBC}") = "Cake.FluentMigrator", "Cake.FluentMigrator\Cake.FluentMigrator.csproj", "{2803512B-59C0-4A53-91E5-4D1C40949A63}"
EndProject
Project("{FAE04EC0-301F-11D3-BF4B-00C04F79EFBC}") = "Cake.FluentMigrator.Tests", "Cake.FluentMigrator.Tests\Cake.FluentMigrator.Tests.csproj", "{08F1BC1D-4A27-418C-9044-51055A06B5FC}"
EndProject
Project("{2150E333-8FDC-42A3-9474-1A3956D46DE8}") = "Global", "Global", "{54F24770-D3A8-438B-8ED2-73F8B0608E46}"
	ProjectSection(SolutionItems) = preProject
		Directory.Build.props = Directory.Build.props
		Directory.Build.targets = Directory.Build.targets
	EndProjectSection
EndProject
Global
	GlobalSection(SolutionConfigurationPlatforms) = preSolution
		Debug|Any CPU = Debug|Any CPU
		Release|Any CPU = Release|Any CPU
	EndGlobalSection
	GlobalSection(ProjectConfigurationPlatforms) = postSolution
		{2803512B-59C0-4A53-91E5-4D1C40949A63}.Debug|Any CPU.ActiveCfg = Debug|Any CPU
		{2803512B-59C0-4A53-91E5-4D1C40949A63}.Debug|Any CPU.Build.0 = Debug|Any CPU
		{2803512B-59C0-4A53-91E5-4D1C40949A63}.Release|Any CPU.ActiveCfg = Release|Any CPU
		{2803512B-59C0-4A53-91E5-4D1C40949A63}.Release|Any CPU.Build.0 = Release|Any CPU
		{08F1BC1D-4A27-418C-9044-51055A06B5FC}.Debug|Any CPU.ActiveCfg = Debug|Any CPU
		{08F1BC1D-4A27-418C-9044-51055A06B5FC}.Debug|Any CPU.Build.0 = Debug|Any CPU
		{08F1BC1D-4A27-418C-9044-51055A06B5FC}.Release|Any CPU.ActiveCfg = Release|Any CPU
		{08F1BC1D-4A27-418C-9044-51055A06B5FC}.Release|Any CPU.Build.0 = Release|Any CPU
	EndGlobalSection
	GlobalSection(SolutionProperties) = preSolution
		HideSolutionNode = FALSE
	EndGlobalSection
EndGlobal
